<Solution>
  <Project Path="TaskTracker.Application/TaskTracker.Application.csproj" />
  <Project Path="TaskTracker.Domain/TaskTracker.Domain.csproj" />
  <Project Path="TaskTracker.Infrastructure/TaskTracker.Infrastructure.csproj" />
  <Project Path="TaskTracker.IntegrationTests/TaskTracker.IntegrationTests.csproj" />
  <Project Path="TaskTracker.UnitTests/TaskTracker.UnitTests.csproj" />
  <Project Path="TaskTracker.Web/TaskTracker.Web.csproj" />
</Solution>
