<Solution>
  <Project Path="TaskTracker.Bll/TaskTracker.Bll.csproj" />
  <Project Path="TaskTracker.Dal/TaskTracker.Dal.csproj" />
  <Project Path="TaskTracker.IntegrationTests/TaskTracker.IntegrationTests.csproj" />
  <Project Path="TaskTracker.UnitTests/TaskTracker.UnitTests.csproj" />
  <Project Path="TaskTracker.Web/TaskTracker.Web.csproj" />
</Solution>